# THIS IS AN AUTOGENERATED FILE. DO NOT EDIT THIS FILE DIRECTLY.
# yarn lockfile v1


echarts@^5.0.0:
  version "5.0.0"
  resolved "https://registry.npmjs.org/echarts/-/echarts-5.0.0.tgz#66ec0ea47e3c93b2aadfbb2d719869932ad13ce0"
  integrity sha512-6SDcJbLVOcfQyjPg+spNU1+JVrkU1B9fzUa5tpbP/mMNUPyigCOJwcEIQAJSbp9jt5UP3EXvQR0vtYXIo9AjyA==
  dependencies:
    tslib "1.10.0"
    zrender "5.0.1"

resize-detector@^0.2.2:
  version "0.2.2"
  resolved "https://registry.npmjs.org/resize-detector/-/resize-detector-0.2.2.tgz#b207e72912bef0bda9fb825fe894ed9686ca965e"
  integrity sha512-X07ADfFqXoyfbx4/PSzr7EBF9e/RwrcS9UoPBMbau11agg5uad39ysMmXFCu0o5C3hhKbs0X/cSl85OwPIpZLQ==

tslib@1.10.0:
  version "1.10.0"
  resolved "https://registry.npmjs.org/tslib/-/tslib-1.10.0.tgz#c3c19f95973fb0a62973fb09d90d961ee43e5c8a"
  integrity sha512-qOebF53frne81cf0S9B41ByenJ3/IuH8yJKngAX35CmiZySA0khhkovshKK+jGCaMnVomla7gVlIcc3EvKPbTQ==

zrender@5.0.1:
  version "5.0.1"
  resolved "https://registry.npmjs.org/zrender/-/zrender-5.0.1.tgz#cc377136a9d00d0a177ca7f65c32aed2901928da"
  integrity sha512-i8FNCKAKfF0EfZFJ6w2p30umBrCyy481/PePFQqPdtNgCl5Hp5z7/dovqb7soEoFkhNvhjJ/J4W9zFALeae6yA==
  dependencies:
    tslib "1.10.0"
